
Microsoft Visual Studio Solution File, Format Version 12.00
# Visual Studio Express 2012 for Windows Phone
Project("{FAE04EC0-301F-11D3-BF4B-00C04F79EFBC}") = "multiStream", "multiStream\multiStream.csproj", "{DE292E8B-9AD3-4391-A8DC-6B7D5162D806}"
EndProject
Global
	GlobalSection(SolutionConfigurationPlatforms) = preSolution
		Debug|Any CPU = Debug|Any CPU
		Debug|ARM = Debug|ARM
		Debug|x86 = Debug|x86
		Release|Any CPU = Release|Any CPU
		Release|ARM = Release|ARM
		Release|x86 = Release|x86
	EndGlobalSection
	GlobalSection(ProjectConfigurationPlatforms) = postSolution
		{DE292E8B-9AD3-4391-A8DC-6B7D5162D806}.Debug|Any CPU.ActiveCfg = Debug|Any CPU
		{DE292E8B-9AD3-4391-A8DC-6B7D5162D806}.Debug|Any CPU.Build.0 = Debug|Any CPU
		{DE292E8B-9AD3-4391-A8DC-6B7D5162D806}.Debug|Any CPU.Deploy.0 = Debug|Any CPU
		{DE292E8B-9AD3-4391-A8DC-6B7D5162D806}.Debug|ARM.ActiveCfg = Debug|ARM
		{DE292E8B-9AD3-4391-A8DC-6B7D5162D806}.Debug|ARM.Build.0 = Debug|ARM
		{DE292E8B-9AD3-4391-A8DC-6B7D5162D806}.Debug|ARM.Deploy.0 = Debug|ARM
		{DE292E8B-9AD3-4391-A8DC-6B7D5162D806}.Debug|x86.ActiveCfg = Debug|x86
		{DE292E8B-9AD3-4391-A8DC-6B7D5162D806}.Debug|x86.Build.0 = Debug|x86
		{DE292E8B-9AD3-4391-A8DC-6B7D5162D806}.Debug|x86.Deploy.0 = Debug|x86
		{DE292E8B-9AD3-4391-A8DC-6B7D5162D806}.Release|Any CPU.ActiveCfg = Release|Any CPU
		{DE292E8B-9AD3-4391-A8DC-6B7D5162D806}.Release|Any CPU.Build.0 = Release|Any CPU
		{DE292E8B-9AD3-4391-A8DC-6B7D5162D806}.Release|Any CPU.Deploy.0 = Release|Any CPU
		{DE292E8B-9AD3-4391-A8DC-6B7D5162D806}.Release|ARM.ActiveCfg = Release|ARM
		{DE292E8B-9AD3-4391-A8DC-6B7D5162D806}.Release|ARM.Build.0 = Release|ARM
		{DE292E8B-9AD3-4391-A8DC-6B7D5162D806}.Release|ARM.Deploy.0 = Release|ARM
		{DE292E8B-9AD3-4391-A8DC-6B7D5162D806}.Release|x86.ActiveCfg = Release|x86
		{DE292E8B-9AD3-4391-A8DC-6B7D5162D806}.Release|x86.Build.0 = Release|x86
		{DE292E8B-9AD3-4391-A8DC-6B7D5162D806}.Release|x86.Deploy.0 = Release|x86
	EndGlobalSection
	GlobalSection(SolutionProperties) = preSolution
		HideSolutionNode = FALSE
	EndGlobalSection
EndGlobal
